
Microsoft Visual Studio Solution File, Format Version 12.00
# Visual Studio Version 16
VisualStudioVersion = 16.0.31729.503
MinimumVisualStudioVersion = 10.0.40219.1
Project("{8BC9CEB8-8B4A-11D0-8D11-00A0C91BC942}") = "sort_digital_11.16", "sort_digital_11.16\sort_digital_11.16.vcxproj", "{BD5CC112-45A9-4567-896B-B87BB5252A29}"
EndProject
Global
	GlobalSection(SolutionConfigurationPlatforms) = preSolution
		Debug|x64 = Debug|x64
		Debug|x86 = Debug|x86
		Release|x64 = Release|x64
		Release|x86 = Release|x86
	EndGlobalSection
	GlobalSection(ProjectConfigurationPlatforms) = postSolution
		{BD5CC112-45A9-4567-896B-B87BB5252A29}.Debug|x64.ActiveCfg = Debug|x64
		{BD5CC112-45A9-4567-896B-B87BB5252A29}.Debug|x64.Build.0 = Debug|x64
		{BD5CC112-45A9-4567-896B-B87BB5252A29}.Debug|x86.ActiveCfg = Debug|Win32
		{BD5CC112-45A9-4567-896B-B87BB5252A29}.Debug|x86.Build.0 = Debug|Win32
		{BD5CC112-45A9-4567-896B-B87BB5252A29}.Release|x64.ActiveCfg = Release|x64
		{BD5CC112-45A9-4567-896B-B87BB5252A29}.Release|x64.Build.0 = Release|x64
		{BD5CC112-45A9-4567-896B-B87BB5252A29}.Release|x86.ActiveCfg = Release|Win32
		{BD5CC112-45A9-4567-896B-B87BB5252A29}.Release|x86.Build.0 = Release|Win32
	EndGlobalSection
	GlobalSection(SolutionProperties) = preSolution
		HideSolutionNode = FALSE
	EndGlobalSection
	GlobalSection(ExtensibilityGlobals) = postSolution
		SolutionGuid = {AE65DEF6-237A-4A02-865F-FBF82ACDDC5B}
	EndGlobalSection
EndGlobal
